
Microsoft Visual Studio Solution File, Format Version 12.00
# Visual Studio Version 17
VisualStudioVersion = 17.9.34728.123
MinimumVisualStudioVersion = 10.0.40219.1
Project("{FAE04EC0-301F-11D3-BF4B-00C04F79EFBC}") = "Banco de Dados Elton", "Bando de Dados Elton\Banco de Dados Elton.csproj", "{C8D51028-41BF-48D6-A7B2-0BDCB31D0BD8}"
EndProject
Global
	GlobalSection(SolutionConfigurationPlatforms) = preSolution
		Debug|Any CPU = Debug|Any CPU
		Release|Any CPU = Release|Any CPU
	EndGlobalSection
	GlobalSection(ProjectConfigurationPlatforms) = postSolution
		{C8D51028-41BF-48D6-A7B2-0BDCB31D0BD8}.Debug|Any CPU.ActiveCfg = Debug|Any CPU
		{C8D51028-41BF-48D6-A7B2-0BDCB31D0BD8}.Debug|Any CPU.Build.0 = Debug|Any CPU
		{C8D51028-41BF-48D6-A7B2-0BDCB31D0BD8}.Release|Any CPU.ActiveCfg = Release|Any CPU
		{C8D51028-41BF-48D6-A7B2-0BDCB31D0BD8}.Release|Any CPU.Build.0 = Release|Any CPU
	EndGlobalSection
	GlobalSection(SolutionProperties) = preSolution
		HideSolutionNode = FALSE
	EndGlobalSection
	GlobalSection(ExtensibilityGlobals) = postSolution
		SolutionGuid = {07A4BF09-CB00-4013-852D-135E132C69AB}
	EndGlobalSection
EndGlobal
